
Microsoft Visual Studio Solution File, Format Version 12.00
# Visual Studio Version 16
VisualStudioVersion = 16.0.29613.14
MinimumVisualStudioVersion = 10.0.40219.1
Project("{8BC9CEB8-8B4A-11D0-8D11-00A0C91BC942}") = "PredatorPrey2DGrid", "PredatorPrey2DGrid\PredatorPrey2DGrid.vcxproj", "{B244E05C-A031-4537-8728-3327BC4CF5EB}"
EndProject
Project("{8BC9CEB8-8B4A-11D0-8D11-00A0C91BC942}") = "RoadTraffic1D", "RoadTraffic1D\RoadTraffic1D.vcxproj", "{873C0281-7C5C-4BFA-9FC3-FE0D40BA11AF}"
EndProject
Project("{8BC9CEB8-8B4A-11D0-8D11-00A0C91BC942}") = "HuntingSearchMH", "HuntingSearchMH\HuntingSearchMH.vcxproj", "{0EBC7453-BEC2-4988-B374-B247FCEFCA7E}"
EndProject
Global
	GlobalSection(SolutionConfigurationPlatforms) = preSolution
		Debug|x64 = Debug|x64
		Debug|x86 = Debug|x86
		Release|x64 = Release|x64
		Release|x86 = Release|x86
	EndGlobalSection
	GlobalSection(ProjectConfigurationPlatforms) = postSolution
		{B244E05C-A031-4537-8728-3327BC4CF5EB}.Debug|x64.ActiveCfg = Debug|x64
		{B244E05C-A031-4537-8728-3327BC4CF5EB}.Debug|x64.Build.0 = Debug|x64
		{B244E05C-A031-4537-8728-3327BC4CF5EB}.Debug|x86.ActiveCfg = Debug|Win32
		{B244E05C-A031-4537-8728-3327BC4CF5EB}.Debug|x86.Build.0 = Debug|Win32
		{B244E05C-A031-4537-8728-3327BC4CF5EB}.Release|x64.ActiveCfg = Release|x64
		{B244E05C-A031-4537-8728-3327BC4CF5EB}.Release|x64.Build.0 = Release|x64
		{B244E05C-A031-4537-8728-3327BC4CF5EB}.Release|x86.ActiveCfg = Release|Win32
		{B244E05C-A031-4537-8728-3327BC4CF5EB}.Release|x86.Build.0 = Release|Win32
		{873C0281-7C5C-4BFA-9FC3-FE0D40BA11AF}.Debug|x64.ActiveCfg = Debug|x64
		{873C0281-7C5C-4BFA-9FC3-FE0D40BA11AF}.Debug|x64.Build.0 = Debug|x64
		{873C0281-7C5C-4BFA-9FC3-FE0D40BA11AF}.Debug|x86.ActiveCfg = Debug|Win32
		{873C0281-7C5C-4BFA-9FC3-FE0D40BA11AF}.Debug|x86.Build.0 = Debug|Win32
		{873C0281-7C5C-4BFA-9FC3-FE0D40BA11AF}.Release|x64.ActiveCfg = Release|x64
		{873C0281-7C5C-4BFA-9FC3-FE0D40BA11AF}.Release|x64.Build.0 = Release|x64
		{873C0281-7C5C-4BFA-9FC3-FE0D40BA11AF}.Release|x86.ActiveCfg = Release|Win32
		{873C0281-7C5C-4BFA-9FC3-FE0D40BA11AF}.Release|x86.Build.0 = Release|Win32
		{0EBC7453-BEC2-4988-B374-B247FCEFCA7E}.Debug|x64.ActiveCfg = Debug|x64
		{0EBC7453-BEC2-4988-B374-B247FCEFCA7E}.Debug|x64.Build.0 = Debug|x64
		{0EBC7453-BEC2-4988-B374-B247FCEFCA7E}.Debug|x86.ActiveCfg = Debug|Win32
		{0EBC7453-BEC2-4988-B374-B247FCEFCA7E}.Debug|x86.Build.0 = Debug|Win32
		{0EBC7453-BEC2-4988-B374-B247FCEFCA7E}.Release|x64.ActiveCfg = Release|x64
		{0EBC7453-BEC2-4988-B374-B247FCEFCA7E}.Release|x64.Build.0 = Release|x64
		{0EBC7453-BEC2-4988-B374-B247FCEFCA7E}.Release|x86.ActiveCfg = Release|Win32
		{0EBC7453-BEC2-4988-B374-B247FCEFCA7E}.Release|x86.Build.0 = Release|Win32
	EndGlobalSection
	GlobalSection(SolutionProperties) = preSolution
		HideSolutionNode = FALSE
	EndGlobalSection
	GlobalSection(ExtensibilityGlobals) = postSolution
		SolutionGuid = {61FE14E4-1787-4FE4-931A-103054A00E5C}
	EndGlobalSection
EndGlobal
